
Microsoft Visual Studio Solution File, Format Version 11.00
# Visual Studio 2010
Project("{FAE04EC0-301F-11D3-BF4B-00C04F79EFBC}") = "Assembly-CSharp", "Assembly-CSharp.csproj", "{6ebd5d7e-ef97-5b12-b441-c4962e151c90}"
EndProject
Project("{FAE04EC0-301F-11D3-BF4B-00C04F79EFBC}") = "Assembly-CSharp-Editor", "Assembly-CSharp-Editor.csproj", "{773c0bb8-cecd-f66a-5654-ab4ab2e2e802}"
EndProject
Global
	GlobalSection(SolutionConfigurationPlatforms) = preSolution
		Debug|Any CPU = Debug|Any CPU
	EndGlobalSection
	GlobalSection(ProjectConfigurationPlatforms) = postSolution
		{6ebd5d7e-ef97-5b12-b441-c4962e151c90}.Debug|Any CPU.ActiveCfg = Debug|Any CPU
		{6ebd5d7e-ef97-5b12-b441-c4962e151c90}.Debug|Any CPU.Build.0 = Debug|Any CPU
		{773c0bb8-cecd-f66a-5654-ab4ab2e2e802}.Debug|Any CPU.ActiveCfg = Debug|Any CPU
		{773c0bb8-cecd-f66a-5654-ab4ab2e2e802}.Debug|Any CPU.Build.0 = Debug|Any CPU
	EndGlobalSection
	GlobalSection(SolutionProperties) = preSolution
		HideSolutionNode = FALSE
	EndGlobalSection
EndGlobal
